// !$*UTF8*$!
{
	archiveVersion = 1;
	classes = {
	};
	objectVersion = 50;
	objects = {

/* Begin PBXBuildFile section */
		7B077F97252831E30057840F /* AppDelegate.swift in Sources */ = {isa = PBXBuildFile; fileRef = 7B077F96252831E30057840F /* AppDelegate.swift */; };
		7B077F99252831E30057840F /* SceneDelegate.swift in Sources */ = {isa = PBXBuildFile; fileRef = 7B077F98252831E30057840F /* SceneDelegate.swift */; };
		7B077F9B252831E30057840F /* ViewController.swift in Sources */ = {isa = PBXBuildFile; fileRef = 7B077F9A252831E30057840F /* ViewController.swift */; };
		7B077F9E252831E30057840F /* Main.storyboard in Resources */ = {isa = PBXBuildFile; fileRef = 7B077F9C252831E30057840F /* Main.storyboard */; };
		7B077FA0252831E60057840F /* Assets.xcassets in Resources */ = {isa = PBXBuildFile; fileRef = 7B077F9F252831E60057840F /* Assets.xcassets */; };
		7B077FA3252831E60057840F /* LaunchScreen.storyboard in Resources */ = {isa = PBXBuildFile; fileRef = 7B077FA1252831E60057840F /* LaunchScreen.storyboard */; };
		7B077FD1252A24160057840F /* SubViewController.swift in Sources */ = {isa = PBXBuildFile; fileRef = 7B077FD0252A24160057840F /* SubViewController.swift */; };
		7B078025252D6D770057840F /* food.3.jpeg in Resources */ = {isa = PBXBuildFile; fileRef = 7B078022252D6D770057840F /* food.3.jpeg */; };
		7B078026252D6D770057840F /* food.2.jpeg in Resources */ = {isa = PBXBuildFile; fileRef = 7B078023252D6D770057840F /* food.2.jpeg */; };
		7B078027252D6D770057840F /* food.1.jpeg in Resources */ = {isa = PBXBuildFile; fileRef = 7B078024252D6D770057840F /* food.1.jpeg */; };
/* End PBXBuildFile section */

/* Begin PBXFileReference section */
		7B077F93252831E30057840F /* SlideshowApp.app */ = {isa = PBXFileReference; explicitFileType = wrapper.application; includeInIndex = 0; path = SlideshowApp.app; sourceTree = BUILT_PRODUCTS_DIR; };
		7B077F96252831E30057840F /* AppDelegate.swift */ = {isa = PBXFileReference; lastKnownFileType = sourcecode.swift; path = AppDelegate.swift; sourceTree = "<group>"; };
		7B077F98252831E30057840F /* SceneDelegate.swift */ = {isa = PBXFileReference; lastKnownFileType = sourcecode.swift; path = SceneDelegate.swift; sourceTree = "<group>"; };
		7B077F9A252831E30057840F /* ViewController.swift */ = {isa = PBXFileReference; lastKnownFileType = sourcecode.swift; path = ViewController.swift; sourceTree = "<group>"; };
		7B077F9D252831E30057840F /* Base */ = {isa = PBXFileReference; lastKnownFileType = file.storyboard; name = Base; path = Base.lproj/Main.storyboard; sourceTree = "<group>"; };
		7B077F9F252831E60057840F /* Assets.xcassets */ = {isa = PBXFileReference; lastKnownFileType = folder.assetcatalog; path = Assets.xcassets; sourceTree = "<group>"; };
		7B077FA2252831E60057840F /* Base */ = {isa = PBXFileReference; lastKnownFileType = file.storyboard; name = Base; path = Base.lproj/LaunchScreen.storyboard; sourceTree = "<group>"; };
		7B077FA4252831E60057840F /* Info.plist */ = {isa = PBXFileReference; lastKnownFileType = text.plist.xml; path = Info.plist; sourceTree = "<group>"; };
		7B077FD0252A24160057840F /* SubViewController.swift */ = {isa = PBXFileReference; lastKnownFileType = sourcecode.swift; path = SubViewController.swift; sourceTree = "<group>"; };
		7B078022252D6D770057840F /* food.3.jpeg */ = {isa = PBXFileReference; lastKnownFileType = image.jpeg; path = food.3.jpeg; sourceTree = "<group>"; };
		7B078023252D6D770057840F /* food.2.jpeg */ = {isa = PBXFileReference; lastKnownFileType = image.jpeg; path = food.2.jpeg; sourceTree = "<group>"; };
		7B078024252D6D770057840F /* food.1.jpeg */ = {isa = PBXFileReference; lastKnownFileType = image.jpeg; path = food.1.jpeg; sourceTree = "<group>"; };
/* End PBXFileReference section */

/* Begin PBXFrameworksBuildPhase section */
		7B077F90252831E30057840F /* Frameworks */ = {
			isa = PBXFrameworksBuildPhase;
			buildActionMask = 2147483647;
			files = (
			);
			runOnlyForDeploymentPostprocessing = 0;
		};
/* End PBXFrameworksBuildPhase section */

/* Begin PBXGroup section */
		7B077F8A252831E30057840F = {
			isa = PBXGroup;
			children = (
				7B077F95252831E30057840F /* SlideshowApp */,
				7B077F94252831E30057840F /* Products */,
			);
			sourceTree = "<group>";
		};
		7B077F94252831E30057840F /* Products */ = {
			isa = PBXGroup;
			children = (
				7B077F93252831E30057840F /* SlideshowApp.app */,
			);
			name = Products;
			sourceTree = "<group>";
		};
		7B077F95252831E30057840F /* SlideshowApp */ = {
			isa = PBXGroup;
			children = (
				7B077F96252831E30057840F /* AppDelegate.swift */,
				7B077F98252831E30057840F /* SceneDelegate.swift */,
				7B077F9A252831E30057840F /* ViewController.swift */,
				7B077FD0252A24160057840F /* SubViewController.swift */,
				7B078024252D6D770057840F /* food.1.jpeg */,
				7B078023252D6D770057840F /* food.2.jpeg */,
				7B078022252D6D770057840F /* food.3.jpeg */,
				7B077F9C252831E30057840F /* Main.storyboard */,
				7B077F9F252831E60057840F /* Assets.xcassets */,
				7B077FA1252831E60057840F /* LaunchScreen.storyboard */,
				7B077FA4252831E60057840F /* Info.plist */,
			);
			path = SlideshowApp;
			sourceTree = "<group>";
		};
/* End PBXGroup section */

/* Begin PBXNativeTarget section */
		7B077F92252831E30057840F /* SlideshowApp */ = {
			isa = PBXNativeTarget;
			buildConfigurationList = 7B077FA7252831E60057840F /* Build configuration list for PBXNativeTarget "SlideshowApp" */;
			buildPhases = (
				7B077F8F252831E30057840F /* Sources */,
				7B077F90252831E30057840F /* Frameworks */,
				7B077F91252831E30057840F /* Resources */,
			);
			buildRules = (
			);
			dependencies = (
			);
			name = SlideshowApp;
			productName = SlideshowApp;
			productReference = 7B077F93252831E30057840F /* SlideshowApp.app */;
			productType = "com.apple.product-type.application";
		};
/* End PBXNativeTarget section */

/* Begin PBXProject section */
		7B077F8B252831E30057840F /* Project object */ = {
			isa = PBXProject;
			attributes = {
				LastSwiftUpdateCheck = 1150;
				LastUpgradeCheck = 1150;
				ORGANIZATIONNAME = "横道貴浩";
				TargetAttributes = {
					7B077F92252831E30057840F = {
						CreatedOnToolsVersion = 11.5;
					};
				};
			};
			buildConfigurationList = 7B077F8E252831E30057840F /* Build configuration list for PBXProject "SlideshowApp" */;
			compatibilityVersion = "Xcode 9.3";
			developmentRegion = en;
			hasScannedForEncodings = 0;
			knownRegions = (
				en,
				Base,
			);
			mainGroup = 7B077F8A252831E30057840F;
			productRefGroup = 7B077F94252831E30057840F /* Products */;
			projectDirPath = "";
			projectRoot = "";
			targets = (
				7B077F92252831E30057840F /* SlideshowApp */,
			);
		};
/* End PBXProject section */

/* Begin PBXResourcesBuildPhase section */
		7B077F91252831E30057840F /* Resources */ = {
			isa = PBXResourcesBuildPhase;
			buildActionMask = 2147483647;
			files = (
				7B078025252D6D770057840F /* food.3.jpeg in Resources */,
				7B077FA3252831E60057840F /* LaunchScreen.storyboard in Resources */,
				7B077FA0252831E60057840F /* Assets.xcassets in Resources */,
				7B077F9E252831E30057840F /* Main.storyboard in Resources */,
				7B078027252D6D770057840F /* food.1.jpeg in Resources */,
				7B078026252D6D770057840F /* food.2.jpeg in Resources */,
			);
			runOnlyForDeploymentPostprocessing = 0;
		};
/* End PBXResourcesBuildPhase section */

/* Begin PBXSourcesBuildPhase section */
		7B077F8F252831E30057840F /* Sources */ = {
			isa = PBXSourcesBuildPhase;
			buildActionMask = 2147483647;
			files = (
				7B077F9B252831E30057840F /* ViewController.swift in Sources */,
				7B077F97252831E30057840F /* AppDelegate.swift in Sources */,
				7B077F99252831E30057840F /* SceneDelegate.swift in Sources */,
				7B077FD1252A24160057840F /* SubViewController.swift in Sources */,
			);
			runOnlyForDeploymentPostprocessing = 0;
		};
/* End PBXSourcesBuildPhase section */

/* Begin PBXVariantGroup section */
		7B077F9C252831E30057840F /* Main.storyboard */ = {
			isa = PBXVariantGroup;
			children = (
				7B077F9D252831E30057840F /* Base */,
			);
			name = Main.storyboard;
			sourceTree = "<group>";
		};
		7B077FA1252831E60057840F /* LaunchScreen.storyboard */ = {
			isa = PBXVariantGroup;
			children = (
				7B077FA2252831E60057840F /* Base */,
			);
			name = LaunchScreen.storyboard;
			sourceTree = "<group>";
		};
/* End PBXVariantGroup section */

/* Begin XCBuildConfiguration section */
		7B077FA5252831E60057840F /* Debug */ = {
			isa = XCBuildConfiguration;
			buildSettings = {
				ALWAYS_SEARCH_USER_PATHS = NO;
				CLANG_ANALYZER_NONNULL = YES;
				CLANG_ANALYZER_NUMBER_OBJECT_CONVERSION = YES_AGGRESSIVE;
				CLANG_CXX_LANGUAGE_STANDARD = "gnu++14";
				CLANG_CXX_LIBRARY = "libc++";
				CLANG_ENABLE_MODULES = YES;
				CLANG_ENABLE_OBJC_ARC = YES;
				CLANG_ENABLE_OBJC_WEAK = YES;
				CLANG_WARN_BLOCK_CAPTURE_AUTORELEASING = YES;
				CLANG_WARN_BOOL_CONVERSION = YES;
				CLANG_WARN_COMMA = YES;
				CLANG_WARN_CONSTANT_CONVERSION = YES;
				CLANG_WARN_DEPRECATED_OBJC_IMPLEMENTATIONS = YES;
				CLANG_WARN_DIRECT_OBJC_ISA_USAGE = YES_ERROR;
				CLANG_WARN_DOCUMENTATION_COMMENTS = YES;
				CLANG_WARN_EMPTY_BODY = YES;
				CLANG_WARN_ENUM_CONVERSION = YES;
				CLANG_WARN_INFINITE_RECURSION = YES;
				CLANG_WARN_INT_CONVERSION = YES;
				CLANG_WARN_NON_LITERAL_NULL_CONVERSION = YES;
				CLANG_WARN_OBJC_IMPLICIT_RETAIN_SELF = YES;
				CLANG_WARN_OBJC_LITERAL_CONVERSION = YES;
				CLANG_WARN_OBJC_ROOT_CLASS = YES_ERROR;
				CLANG_WARN_RANGE_LOOP_ANALYSIS = YES;
				CLANG_WARN_STRICT_PROTOTYPES = YES;
				CLANG_WARN_SUSPICIOUS_MOVE = YES;
				CLANG_WARN_UNGUARDED_AVAILABILITY = YES_AGGRESSIVE;
				CLANG_WARN_UNREACHABLE_CODE = YES;
				CLANG_WARN__DUPLICATE_METHOD_MATCH = YES;
				COPY_PHASE_STRIP = NO;
				DEBUG_INFORMATION_FORMAT = dwarf;
				ENABLE_STRICT_OBJC_MSGSEND = YES;
				ENABLE_TESTABILITY = YES;
				GCC_C_LANGUAGE_STANDARD = gnu11;
				GCC_DYNAMIC_NO_PIC = NO;
				GCC_NO_COMMON_BLOCKS = YES;
				GCC_OPTIMIZATION_LEVEL = 0;
				GCC_PREPROCESSOR_DEFINITIONS = (
					"DEBUG=1",
					"$(inherited)",
				);
				GCC_WARN_64_TO_32_BIT_CONVERSION = YES;
				GCC_WARN_ABOUT_RETURN_TYPE = YES_ERROR;
				GCC_WARN_UNDECLARED_SELECTOR = YES;
				GCC_WARN_UNINITIALIZED_AUTOS = YES_AGGRESSIVE;
				GCC_WARN_UNUSED_FUNCTION = YES;
				GCC_WARN_UNUSED_VARIABLE = YES;
				IPHONEOS_DEPLOYMENT_TARGET = 13.5;
				MTL_ENABLE_DEBUG_INFO = INCLUDE_SOURCE;
				MTL_FAST_MATH = YES;
				ONLY_ACTIVE_ARCH = YES;
				SDKROOT = iphoneos;
				SWIFT_ACTIVE_COMPILATION_CONDITIONS = DEBUG;
				SWIFT_OPTIMIZATION_LEVEL = "-Onone";
			};
			name = Debug;
		};
		7B077FA6252831E60057840F /* Release */ = {
			isa = XCBuildConfiguration;
			buildSettings = {
				ALWAYS_SEARCH_USER_PATHS = NO;
				CLANG_ANALYZER_NONNULL = YES;
				CLANG_ANALYZER_NUMBER_OBJECT_CONVERSION = YES_AGGRESSIVE;
				CLANG_CXX_LANGUAGE_STANDARD = "gnu++14";
				CLANG_CXX_LIBRARY = "libc++";
				CLANG_ENABLE_MODULES = YES;
				CLANG_ENABLE_OBJC_ARC = YES;
				CLANG_ENABLE_OBJC_WEAK = YES;
				CLANG_WARN_BLOCK_CAPTURE_AUTORELEASING = YES;
				CLANG_WARN_BOOL_CONVERSION = YES;
				CLANG_WARN_COMMA = YES;
				CLANG_WARN_CONSTANT_CONVERSION = YES;
				CLANG_WARN_DEPRECATED_OBJC_IMPLEMENTATIONS = YES;
				CLANG_WARN_DIRECT_OBJC_ISA_USAGE = YES_ERROR;
				CLANG_WARN_DOCUMENTATION_COMMENTS = YES;
				CLANG_WARN_EMPTY_BODY = YES;
				CLANG_WARN_ENUM_CONVERSION = YES;
				CLANG_WARN_INFINITE_RECURSION = YES;
				CLANG_WARN_INT_CONVERSION = YES;
				CLANG_WARN_NON_LITERAL_NULL_CONVERSION = YES;
				CLANG_WARN_OBJC_IMPLICIT_RETAIN_SELF = YES;
				CLANG_WARN_OBJC_LITERAL_CONVERSION = YES;
				CLANG_WARN_OBJC_ROOT_CLASS = YES_ERROR;
				CLANG_WARN_RANGE_LOOP_ANALYSIS = YES;
				CLANG_WARN_STRICT_PROTOTYPES = YES;
				CLANG_WARN_SUSPICIOUS_MOVE = YES;
				CLANG_WARN_UNGUARDED_AVAILABILITY = YES_AGGRESSIVE;
				CLANG_WARN_UNREACHABLE_CODE = YES;
				CLANG_WARN__DUPLICATE_METHOD_MATCH = YES;
				COPY_PHASE_STRIP = NO;
				DEBUG_INFORMATION_FORMAT = "dwarf-with-dsym";
				ENABLE_NS_ASSERTIONS = NO;
				ENABLE_STRICT_OBJC_MSGSEND = YES;
				GCC_C_LANGUAGE_STANDARD = gnu11;
				GCC_NO_COMMON_BLOCKS = YES;
				GCC_WARN_64_TO_32_BIT_CONVERSION = YES;
				GCC_WARN_ABOUT_RETURN_TYPE = YES_ERROR;
				GCC_WARN_UNDECLARED_SELECTOR = YES;
				GCC_WARN_UNINITIALIZED_AUTOS = YES_AGGRESSIVE;
				GCC_WARN_UNUSED_FUNCTION = YES;
				GCC_WARN_UNUSED_VARIABLE = YES;
				IPHONEOS_DEPLOYMENT_TARGET = 13.5;
				MTL_ENABLE_DEBUG_INFO = NO;
				MTL_FAST_MATH = YES;
				SDKROOT = iphoneos;
				SWIFT_COMPILATION_MODE = wholemodule;
				SWIFT_OPTIMIZATION_LEVEL = "-O";
				VALIDATE_PRODUCT = YES;
			};
			name = Release;
		};
		7B077FA8252831E60057840F /* Debug */ = {
			isa = XCBuildConfiguration;
			buildSettings = {
				ASSETCATALOG_COMPILER_APPICON_NAME = AppIcon;
				CODE_SIGN_STYLE = Automatic;
				INFOPLIST_FILE = SlideshowApp/Info.plist;
				LD_RUNPATH_SEARCH_PATHS = (
					"$(inherited)",
					"@executable_path/Frameworks",
				);
				PRODUCT_BUNDLE_IDENTIFIER = jp.techacademy.takahiro.yokomichi.SlideshowApp;
				PRODUCT_NAME = "$(TARGET_NAME)";
				SWIFT_VERSION = 5.0;
				TARGETED_DEVICE_FAMILY = "1,2";
			};
			name = Debug;
		};
		7B077FA9252831E60057840F /* Release */ = {
			isa = XCBuildConfiguration;
			buildSettings = {
				ASSETCATALOG_COMPILER_APPICON_NAME = AppIcon;
				CODE_SIGN_STYLE = Automatic;
				INFOPLIST_FILE = SlideshowApp/Info.plist;
				LD_RUNPATH_SEARCH_PATHS = (
					"$(inherited)",
					"@executable_path/Frameworks",
				);
				PRODUCT_BUNDLE_IDENTIFIER = jp.techacademy.takahiro.yokomichi.SlideshowApp;
				PRODUCT_NAME = "$(TARGET_NAME)";
				SWIFT_VERSION = 5.0;
				TARGETED_DEVICE_FAMILY = "1,2";
			};
			name = Release;
		};
/* End XCBuildConfiguration section */

/* Begin XCConfigurationList section */
		7B077F8E252831E30057840F /* Build configuration list for PBXProject "SlideshowApp" */ = {
			isa = XCConfigurationList;
			buildConfigurations = (
				7B077FA5252831E60057840F /* Debug */,
				7B077FA6252831E60057840F /* Release */,
			);
			defaultConfigurationIsVisible = 0;
			defaultConfigurationName = Release;
		};
		7B077FA7252831E60057840F /* Build configuration list for PBXNativeTarget "SlideshowApp" */ = {
			isa = XCConfigurationList;
			buildConfigurations = (
				7B077FA8252831E60057840F /* Debug */,
				7B077FA9252831E60057840F /* Release */,
			);
			defaultConfigurationIsVisible = 0;
			defaultConfigurationName = Release;
		};
/* End XCConfigurationList section */
	};
	rootObject = 7B077F8B252831E30057840F /* Project object */;
}
